
Microsoft Visual Studio Solution File, Format Version 12.00
# Visual Studio Version 17
VisualStudioVersion = 17.6.33829.357
MinimumVisualStudioVersion = 10.0.40219.1
Project("{FAE04EC0-301F-11D3-BF4B-00C04F79EFBC}") = "guessTheNumber", "guessTheNumber\guessTheNumber.csproj", "{139DA32D-BD37-4CB6-A72C-4206297D123E}"
EndProject
Global
	GlobalSection(SolutionConfigurationPlatforms) = preSolution
		Debug|Any CPU = Debug|Any CPU
		Release|Any CPU = Release|Any CPU
	EndGlobalSection
	GlobalSection(ProjectConfigurationPlatforms) = postSolution
		{139DA32D-BD37-4CB6-A72C-4206297D123E}.Debug|Any CPU.ActiveCfg = Debug|Any CPU
		{139DA32D-BD37-4CB6-A72C-4206297D123E}.Debug|Any CPU.Build.0 = Debug|Any CPU
		{139DA32D-BD37-4CB6-A72C-4206297D123E}.Release|Any CPU.ActiveCfg = Release|Any CPU
		{139DA32D-BD37-4CB6-A72C-4206297D123E}.Release|Any CPU.Build.0 = Release|Any CPU
	EndGlobalSection
	GlobalSection(SolutionProperties) = preSolution
		HideSolutionNode = FALSE
	EndGlobalSection
	GlobalSection(ExtensibilityGlobals) = postSolution
		SolutionGuid = {6C1BEBB8-B9B4-43EB-AC9A-B34158C40434}
	EndGlobalSection
EndGlobal
